
Microsoft Visual Studio Solution File, Format Version 12.00
# Visual Studio Version 16
VisualStudioVersion = 16.0.29905.134
MinimumVisualStudioVersion = 10.0.40219.1
Project("{FAE04EC0-301F-11D3-BF4B-00C04F79EFBC}") = "QuanLyBanSach", "QuanLyBanSach.csproj", "{8978CCD2-32D8-4243-9F9E-54907E0615DF}"
EndProject
Global
	GlobalSection(SolutionConfigurationPlatforms) = preSolution
		Debug|Any CPU = Debug|Any CPU
		Release|Any CPU = Release|Any CPU
	EndGlobalSection
	GlobalSection(ProjectConfigurationPlatforms) = postSolution
		{8978CCD2-32D8-4243-9F9E-54907E0615DF}.Debug|Any CPU.ActiveCfg = Debug|Any CPU
		{8978CCD2-32D8-4243-9F9E-54907E0615DF}.Debug|Any CPU.Build.0 = Debug|Any CPU
		{8978CCD2-32D8-4243-9F9E-54907E0615DF}.Release|Any CPU.ActiveCfg = Release|Any CPU
		{8978CCD2-32D8-4243-9F9E-54907E0615DF}.Release|Any CPU.Build.0 = Release|Any CPU
	EndGlobalSection
	GlobalSection(SolutionProperties) = preSolution
		HideSolutionNode = FALSE
	EndGlobalSection
	GlobalSection(ExtensibilityGlobals) = postSolution
		SolutionGuid = {A8E18703-3259-4628-BCE2-7C2860E500DE}
	EndGlobalSection
EndGlobal
